
Microsoft Visual Studio Solution File, Format Version 12.00
# Visual Studio Version 17
VisualStudioVersion = 17.5.001.0
MinimumVisualStudioVersion = 10.0.40219.1
Project("{FAE04EC0-301F-11D3-BF4B-00C04F79EFBC}") = "UijobsApi", "UiJobs.api\UijobsApi.csproj", "{44F5CB00-4B1D-4B18-A2B6-0458A67083B8}"
EndProject
Project("{FAE04EC0-301F-11D3-BF4B-00C04F79EFBC}") = "UijobsApi.Tests", "UijobsApi.Tests\UijobsApi.Tests.csproj", "{65A2E589-A225-4E76-8486-69B0F17F01F8}"
EndProject
Global
	GlobalSection(SolutionConfigurationPlatforms) = preSolution
		Debug|Any CPU = Debug|Any CPU
		Release|Any CPU = Release|Any CPU
	EndGlobalSection
	GlobalSection(ProjectConfigurationPlatforms) = postSolution
		{EB2678B2-5963-46B1-899D-73A34F84DB03}.Debug|Any CPU.ActiveCfg = Debug|Any CPU
		{EB2678B2-5963-46B1-899D-73A34F84DB03}.Debug|Any CPU.Build.0 = Debug|Any CPU
		{EB2678B2-5963-46B1-899D-73A34F84DB03}.Release|Any CPU.ActiveCfg = Release|Any CPU
		{EB2678B2-5963-46B1-899D-73A34F84DB03}.Release|Any CPU.Build.0 = Release|Any CPU
		{44F5CB00-4B1D-4B18-A2B6-0458A67083B8}.Debug|Any CPU.ActiveCfg = Debug|Any CPU
		{44F5CB00-4B1D-4B18-A2B6-0458A67083B8}.Debug|Any CPU.Build.0 = Debug|Any CPU
		{44F5CB00-4B1D-4B18-A2B6-0458A67083B8}.Release|Any CPU.ActiveCfg = Release|Any CPU
		{44F5CB00-4B1D-4B18-A2B6-0458A67083B8}.Release|Any CPU.Build.0 = Release|Any CPU
		{65A2E589-A225-4E76-8486-69B0F17F01F8}.Debug|Any CPU.ActiveCfg = Debug|Any CPU
		{65A2E589-A225-4E76-8486-69B0F17F01F8}.Debug|Any CPU.Build.0 = Debug|Any CPU
		{65A2E589-A225-4E76-8486-69B0F17F01F8}.Release|Any CPU.ActiveCfg = Release|Any CPU
		{65A2E589-A225-4E76-8486-69B0F17F01F8}.Release|Any CPU.Build.0 = Release|Any CPU
	EndGlobalSection
	GlobalSection(SolutionProperties) = preSolution
		HideSolutionNode = FALSE
	EndGlobalSection
	GlobalSection(ExtensibilityGlobals) = postSolution
		SolutionGuid = {8FF6AA7D-1226-4B87-A8D0-CA8ABFAD39A8}
	EndGlobalSection
EndGlobal
