
Microsoft Visual Studio Solution File, Format Version 12.00
# Visual Studio Version 17
VisualStudioVersion = 17.5.001.0
MinimumVisualStudioVersion = 10.0.40219.1
Project("{9A19103F-16F7-4668-BE54-9A1E7A4F7556}") = "UijobsApi", "UijobsApi.csproj", "{EB2678B2-5963-46B1-899D-73A34F84DB03}"
EndProject
Global
	GlobalSection(SolutionConfigurationPlatforms) = preSolution
		Debug|Any CPU = Debug|Any CPU
		Release|Any CPU = Release|Any CPU
	EndGlobalSection
	GlobalSection(ProjectConfigurationPlatforms) = postSolution
		{EB2678B2-5963-46B1-899D-73A34F84DB03}.Debug|Any CPU.ActiveCfg = Debug|Any CPU
		{EB2678B2-5963-46B1-899D-73A34F84DB03}.Debug|Any CPU.Build.0 = Debug|Any CPU
		{EB2678B2-5963-46B1-899D-73A34F84DB03}.Release|Any CPU.ActiveCfg = Release|Any CPU
		{EB2678B2-5963-46B1-899D-73A34F84DB03}.Release|Any CPU.Build.0 = Release|Any CPU
	EndGlobalSection
	GlobalSection(SolutionProperties) = preSolution
		HideSolutionNode = FALSE
	EndGlobalSection
	GlobalSection(ExtensibilityGlobals) = postSolution
		SolutionGuid = {8FF6AA7D-1226-4B87-A8D0-CA8ABFAD39A8}
	EndGlobalSection
EndGlobal
